
Microsoft Visual Studio Solution File, Format Version 12.00
# Visual Studio Version 17
VisualStudioVersion = 17.5.33516.290
MinimumVisualStudioVersion = 10.0.40219.1
Project("{FAE04EC0-301F-11D3-BF4B-00C04F79EFBC}") = "VinFletcherArrow", "VinFletcherArrow.csproj", "{547B2AAF-70D6-4EF6-8213-30829B201DF8}"
EndProject
Global
	GlobalSection(SolutionConfigurationPlatforms) = preSolution
		Debug|Any CPU = Debug|Any CPU
		Release|Any CPU = Release|Any CPU
	EndGlobalSection
	GlobalSection(ProjectConfigurationPlatforms) = postSolution
		{547B2AAF-70D6-4EF6-8213-30829B201DF8}.Debug|Any CPU.ActiveCfg = Debug|Any CPU
		{547B2AAF-70D6-4EF6-8213-30829B201DF8}.Debug|Any CPU.Build.0 = Debug|Any CPU
		{547B2AAF-70D6-4EF6-8213-30829B201DF8}.Release|Any CPU.ActiveCfg = Release|Any CPU
		{547B2AAF-70D6-4EF6-8213-30829B201DF8}.Release|Any CPU.Build.0 = Release|Any CPU
	EndGlobalSection
	GlobalSection(SolutionProperties) = preSolution
		HideSolutionNode = FALSE
	EndGlobalSection
	GlobalSection(ExtensibilityGlobals) = postSolution
		SolutionGuid = {14FA429C-F3F3-45EE-992F-C0A22B5AFCE0}
	EndGlobalSection
EndGlobal
